
Microsoft Visual Studio Solution File, Format Version 12.00
# Visual Studio 2013
VisualStudioVersion = 12.0.40629.0
MinimumVisualStudioVersion = 10.0.40219.1
Project("{FAE04EC0-301F-11D3-BF4B-00C04F79EFBC}") = "WTalk", "WTalk\WTalk.csproj", "{A30C8ADE-FD69-4730-A39D-FFF41F99784C}"
EndProject
Project("{FAE04EC0-301F-11D3-BF4B-00C04F79EFBC}") = "Wtalk.Desktop", "Wtalk.Desktop\Wtalk.Desktop.csproj", "{0774E733-464C-4282-9A0E-7172498A094F}"
EndProject
Global
	GlobalSection(SolutionConfigurationPlatforms) = preSolution
		Debug|Any CPU = Debug|Any CPU
		Debug|ARM = Debug|ARM
		Debug|x64 = Debug|x64
		Debug|x86 = Debug|x86
		Release|Any CPU = Release|Any CPU
		Release|ARM = Release|ARM
		Release|x64 = Release|x64
		Release|x86 = Release|x86
	EndGlobalSection
	GlobalSection(ProjectConfigurationPlatforms) = postSolution
		{A30C8ADE-FD69-4730-A39D-FFF41F99784C}.Debug|Any CPU.ActiveCfg = Debug|Any CPU
		{A30C8ADE-FD69-4730-A39D-FFF41F99784C}.Debug|Any CPU.Build.0 = Debug|Any CPU
		{A30C8ADE-FD69-4730-A39D-FFF41F99784C}.Debug|ARM.ActiveCfg = Debug|Any CPU
		{A30C8ADE-FD69-4730-A39D-FFF41F99784C}.Debug|x64.ActiveCfg = Debug|Any CPU
		{A30C8ADE-FD69-4730-A39D-FFF41F99784C}.Debug|x86.ActiveCfg = Debug|Any CPU
		{A30C8ADE-FD69-4730-A39D-FFF41F99784C}.Release|Any CPU.ActiveCfg = Release|Any CPU
		{A30C8ADE-FD69-4730-A39D-FFF41F99784C}.Release|Any CPU.Build.0 = Release|Any CPU
		{A30C8ADE-FD69-4730-A39D-FFF41F99784C}.Release|ARM.ActiveCfg = Release|Any CPU
		{A30C8ADE-FD69-4730-A39D-FFF41F99784C}.Release|x64.ActiveCfg = Release|Any CPU
		{A30C8ADE-FD69-4730-A39D-FFF41F99784C}.Release|x86.ActiveCfg = Release|Any CPU
		{0774E733-464C-4282-9A0E-7172498A094F}.Debug|Any CPU.ActiveCfg = Debug|Any CPU
		{0774E733-464C-4282-9A0E-7172498A094F}.Debug|Any CPU.Build.0 = Debug|Any CPU
		{0774E733-464C-4282-9A0E-7172498A094F}.Debug|ARM.ActiveCfg = Debug|Any CPU
		{0774E733-464C-4282-9A0E-7172498A094F}.Debug|x64.ActiveCfg = Debug|Any CPU
		{0774E733-464C-4282-9A0E-7172498A094F}.Debug|x86.ActiveCfg = Debug|Any CPU
		{0774E733-464C-4282-9A0E-7172498A094F}.Release|Any CPU.ActiveCfg = Release|Any CPU
		{0774E733-464C-4282-9A0E-7172498A094F}.Release|Any CPU.Build.0 = Release|Any CPU
		{0774E733-464C-4282-9A0E-7172498A094F}.Release|ARM.ActiveCfg = Release|Any CPU
		{0774E733-464C-4282-9A0E-7172498A094F}.Release|x64.ActiveCfg = Release|Any CPU
		{0774E733-464C-4282-9A0E-7172498A094F}.Release|x86.ActiveCfg = Release|Any CPU
	EndGlobalSection
	GlobalSection(SolutionProperties) = preSolution
		HideSolutionNode = FALSE
	EndGlobalSection
EndGlobal
